
Microsoft Visual Studio Solution File, Format Version 12.00
# Visual Studio 15
VisualStudioVersion = 15.0.28307.902
MinimumVisualStudioVersion = 10.0.40219.1
Project("{FAE04EC0-301F-11D3-BF4B-00C04F79EFBC}") = "FAQ", "FAQ\FAQ.csproj", "{5DE9F2E6-22C9-4D0F-A8D9-193B5E739371}"
EndProject
Global
	GlobalSection(SolutionConfigurationPlatforms) = preSolution
		Debug|Any CPU = Debug|Any CPU
		Release|Any CPU = Release|Any CPU
	EndGlobalSection
	GlobalSection(ProjectConfigurationPlatforms) = postSolution
		{5DE9F2E6-22C9-4D0F-A8D9-193B5E739371}.Debug|Any CPU.ActiveCfg = Debug|Any CPU
		{5DE9F2E6-22C9-4D0F-A8D9-193B5E739371}.Debug|Any CPU.Build.0 = Debug|Any CPU
		{5DE9F2E6-22C9-4D0F-A8D9-193B5E739371}.Release|Any CPU.ActiveCfg = Release|Any CPU
		{5DE9F2E6-22C9-4D0F-A8D9-193B5E739371}.Release|Any CPU.Build.0 = Release|Any CPU
	EndGlobalSection
	GlobalSection(SolutionProperties) = preSolution
		HideSolutionNode = FALSE
	EndGlobalSection
	GlobalSection(ExtensibilityGlobals) = postSolution
		SolutionGuid = {D0C76774-15FA-406F-9441-C7F2B0AC256B}
	EndGlobalSection
EndGlobal
