
Microsoft Visual Studio Solution File, Format Version 12.00
# Visual Studio 15
VisualStudioVersion = 15.0.28307.902
MinimumVisualStudioVersion = 10.0.40219.1
Project("{FAE04EC0-301F-11D3-BF4B-00C04F79EFBC}") = "blood_reg", "blood_reg\blood_reg.csproj", "{257857F7-A664-4EBC-9476-A05FB0C1DEFF}"
EndProject
Global
	GlobalSection(SolutionConfigurationPlatforms) = preSolution
		Debug|Any CPU = Debug|Any CPU
		Release|Any CPU = Release|Any CPU
	EndGlobalSection
	GlobalSection(ProjectConfigurationPlatforms) = postSolution
		{257857F7-A664-4EBC-9476-A05FB0C1DEFF}.Debug|Any CPU.ActiveCfg = Debug|Any CPU
		{257857F7-A664-4EBC-9476-A05FB0C1DEFF}.Debug|Any CPU.Build.0 = Debug|Any CPU
		{257857F7-A664-4EBC-9476-A05FB0C1DEFF}.Release|Any CPU.ActiveCfg = Release|Any CPU
		{257857F7-A664-4EBC-9476-A05FB0C1DEFF}.Release|Any CPU.Build.0 = Release|Any CPU
	EndGlobalSection
	GlobalSection(SolutionProperties) = preSolution
		HideSolutionNode = FALSE
	EndGlobalSection
	GlobalSection(ExtensibilityGlobals) = postSolution
		SolutionGuid = {B005FC04-E384-4BA6-87AB-847C50FC02D8}
	EndGlobalSection
EndGlobal
