
Microsoft Visual Studio Solution File, Format Version 12.00
# Visual Studio 15
VisualStudioVersion = 15.0.28307.902
MinimumVisualStudioVersion = 10.0.40219.1
Project("{FAE04EC0-301F-11D3-BF4B-00C04F79EFBC}") = "donate", "donate\donate.csproj", "{CA12DDCA-6B44-4F2D-A27A-C134BE294F14}"
EndProject
Global
	GlobalSection(SolutionConfigurationPlatforms) = preSolution
		Debug|Any CPU = Debug|Any CPU
		Release|Any CPU = Release|Any CPU
	EndGlobalSection
	GlobalSection(ProjectConfigurationPlatforms) = postSolution
		{CA12DDCA-6B44-4F2D-A27A-C134BE294F14}.Debug|Any CPU.ActiveCfg = Debug|Any CPU
		{CA12DDCA-6B44-4F2D-A27A-C134BE294F14}.Debug|Any CPU.Build.0 = Debug|Any CPU
		{CA12DDCA-6B44-4F2D-A27A-C134BE294F14}.Release|Any CPU.ActiveCfg = Release|Any CPU
		{CA12DDCA-6B44-4F2D-A27A-C134BE294F14}.Release|Any CPU.Build.0 = Release|Any CPU
	EndGlobalSection
	GlobalSection(SolutionProperties) = preSolution
		HideSolutionNode = FALSE
	EndGlobalSection
	GlobalSection(ExtensibilityGlobals) = postSolution
		SolutionGuid = {D3EECFD9-4AD7-4663-8AF4-5E297E643A14}
	EndGlobalSection
EndGlobal
